<Solution>
  <Configurations>
    <Platform Name="Any CPU" />
  </Configurations>
  <Project Path="Code/bombroyale.csproj" />
  <Folder Name="/Addons/">
    <Project Path="../sbox2/game/addons/base/code/Base Library.csproj" />
  </Folder>
  <Folder Name="/Tools/">
    <Project Path="../sbox2/game/addons/tools/Code/Base Editor Library.csproj" />
    <Project Path="../sbox2/game/editor/ActionGraph/Code/actiongraph.csproj" />
    <Project Path="../sbox2/game/editor/DooEditor/Code/dooeditor.csproj" />
    <Project Path="../sbox2/game/editor/Hammer/Code/hammer.csproj" />
    <Project Path="../sbox2/game/editor/MovieMaker/Code/moviemaker.csproj" />
    <Project Path="../sbox2/game/editor/ShaderGraph/Code/shadergraph.csproj" />
  </Folder>
</Solution>